
Microsoft Visual Studio Solution File, Format Version 12.00
# Visual Studio Version 17
VisualStudioVersion = 17.14.36414.22 d17.14
MinimumVisualStudioVersion = 10.0.40219.1
Project("{FAE04EC0-301F-11D3-BF4B-00C04F79EFBC}") = "Laboratorio7", "Laboratorio7\Laboratorio7.csproj", "{D036586B-19AD-4973-8581-F91AAC619EF6}"
EndProject
Global
	GlobalSection(SolutionConfigurationPlatforms) = preSolution
		Debug|Any CPU = Debug|Any CPU
		Release|Any CPU = Release|Any CPU
	EndGlobalSection
	GlobalSection(ProjectConfigurationPlatforms) = postSolution
		{D036586B-19AD-4973-8581-F91AAC619EF6}.Debug|Any CPU.ActiveCfg = Debug|Any CPU
		{D036586B-19AD-4973-8581-F91AAC619EF6}.Debug|Any CPU.Build.0 = Debug|Any CPU
		{D036586B-19AD-4973-8581-F91AAC619EF6}.Release|Any CPU.ActiveCfg = Release|Any CPU
		{D036586B-19AD-4973-8581-F91AAC619EF6}.Release|Any CPU.Build.0 = Release|Any CPU
	EndGlobalSection
	GlobalSection(SolutionProperties) = preSolution
		HideSolutionNode = FALSE
	EndGlobalSection
	GlobalSection(ExtensibilityGlobals) = postSolution
		SolutionGuid = {AEE87961-F143-4900-AF3E-8717AC64FE33}
	EndGlobalSection
EndGlobal
