
Microsoft Visual Studio Solution File, Format Version 12.00
# Visual Studio Version 17
VisualStudioVersion = 17.14.36414.22
MinimumVisualStudioVersion = 10.0.40219.1
Project("{FAE04EC0-301F-11D3-BF4B-00C04F79EFBC}") = "Laboratorio7", "Laboratorio7\Laboratorio7.csproj", "{D036586B-19AD-4973-8581-F91AAC619EF6}"
EndProject
Project("{FAE04EC0-301F-11D3-BF4B-00C04F79EFBC}") = "Laboratorio71", "Laboratorio71\Laboratorio71.csproj", "{E4C0C302-06BB-4D8F-8AE1-5207AD3E76B9}"
EndProject
Project("{FAE04EC0-301F-11D3-BF4B-00C04F79EFBC}") = "Laboratorio72", "Laboratorio72\Laboratorio72.csproj", "{78FF93E4-343A-44D1-B99A-41B7DA8B223B}"
EndProject
Global
	GlobalSection(SolutionConfigurationPlatforms) = preSolution
		Debug|Any CPU = Debug|Any CPU
		Release|Any CPU = Release|Any CPU
	EndGlobalSection
	GlobalSection(ProjectConfigurationPlatforms) = postSolution
		{D036586B-19AD-4973-8581-F91AAC619EF6}.Debug|Any CPU.ActiveCfg = Debug|Any CPU
		{D036586B-19AD-4973-8581-F91AAC619EF6}.Debug|Any CPU.Build.0 = Debug|Any CPU
		{D036586B-19AD-4973-8581-F91AAC619EF6}.Release|Any CPU.ActiveCfg = Release|Any CPU
		{D036586B-19AD-4973-8581-F91AAC619EF6}.Release|Any CPU.Build.0 = Release|Any CPU
		{E4C0C302-06BB-4D8F-8AE1-5207AD3E76B9}.Debug|Any CPU.ActiveCfg = Debug|Any CPU
		{E4C0C302-06BB-4D8F-8AE1-5207AD3E76B9}.Debug|Any CPU.Build.0 = Debug|Any CPU
		{E4C0C302-06BB-4D8F-8AE1-5207AD3E76B9}.Release|Any CPU.ActiveCfg = Release|Any CPU
		{E4C0C302-06BB-4D8F-8AE1-5207AD3E76B9}.Release|Any CPU.Build.0 = Release|Any CPU
		{78FF93E4-343A-44D1-B99A-41B7DA8B223B}.Debug|Any CPU.ActiveCfg = Debug|Any CPU
		{78FF93E4-343A-44D1-B99A-41B7DA8B223B}.Debug|Any CPU.Build.0 = Debug|Any CPU
		{78FF93E4-343A-44D1-B99A-41B7DA8B223B}.Release|Any CPU.ActiveCfg = Release|Any CPU
		{78FF93E4-343A-44D1-B99A-41B7DA8B223B}.Release|Any CPU.Build.0 = Release|Any CPU
	EndGlobalSection
	GlobalSection(SolutionProperties) = preSolution
		HideSolutionNode = FALSE
	EndGlobalSection
	GlobalSection(ExtensibilityGlobals) = postSolution
		SolutionGuid = {AEE87961-F143-4900-AF3E-8717AC64FE33}
	EndGlobalSection
EndGlobal
