
Microsoft Visual Studio Solution File, Format Version 12.00
# Visual Studio Version 17
VisualStudioVersion = 17.14.36623.8 d17.14
MinimumVisualStudioVersion = 10.0.40219.1
Project("{FAE04EC0-301F-11D3-BF4B-00C04F79EFBC}") = "Laboratorio17", "Laboratorio17\Laboratorio17.csproj", "{39BBCA5D-274C-493F-BD9C-7179269C1B61}"
EndProject
Global
	GlobalSection(SolutionConfigurationPlatforms) = preSolution
		Debug|Any CPU = Debug|Any CPU
		Release|Any CPU = Release|Any CPU
	EndGlobalSection
	GlobalSection(ProjectConfigurationPlatforms) = postSolution
		{39BBCA5D-274C-493F-BD9C-7179269C1B61}.Debug|Any CPU.ActiveCfg = Debug|Any CPU
		{39BBCA5D-274C-493F-BD9C-7179269C1B61}.Debug|Any CPU.Build.0 = Debug|Any CPU
		{39BBCA5D-274C-493F-BD9C-7179269C1B61}.Release|Any CPU.ActiveCfg = Release|Any CPU
		{39BBCA5D-274C-493F-BD9C-7179269C1B61}.Release|Any CPU.Build.0 = Release|Any CPU
	EndGlobalSection
	GlobalSection(SolutionProperties) = preSolution
		HideSolutionNode = FALSE
	EndGlobalSection
	GlobalSection(ExtensibilityGlobals) = postSolution
		SolutionGuid = {45A26320-CD37-497C-9D76-D58BE4F77899}
	EndGlobalSection
EndGlobal
