
Microsoft Visual Studio Solution File, Format Version 12.00
# Visual Studio Version 17
VisualStudioVersion = 17.14.36414.22 d17.14
MinimumVisualStudioVersion = 10.0.40219.1
Project("{FAE04EC0-301F-11D3-BF4B-00C04F79EFBC}") = "Laboratorio5", "Laboratorio5\Laboratorio5.csproj", "{4C4168B1-2027-454E-88A7-84969A2FFCF0}"
EndProject
Project("{FAE04EC0-301F-11D3-BF4B-00C04F79EFBC}") = "Laboratorio51", "Laboratorio51\Laboratorio51.csproj", "{9331F866-82C0-4325-8248-CB6ECAE633E4}"
EndProject
Project("{FAE04EC0-301F-11D3-BF4B-00C04F79EFBC}") = "Laboratorio52", "Laboratorio52\Laboratorio52.csproj", "{3E8CE124-0111-4EBC-9B99-AA8A65756D71}"
EndProject
Project("{FAE04EC0-301F-11D3-BF4B-00C04F79EFBC}") = "Laboratorio53", "Laboratorio53\Laboratorio53.csproj", "{3FE78578-282B-48A3-9884-5DF6BEC93C34}"
EndProject
Project("{FAE04EC0-301F-11D3-BF4B-00C04F79EFBC}") = "Laboratorio54", "Laboratorio54\Laboratorio54.csproj", "{F56191A9-FA84-4BCF-9A5F-99AFC07D42C1}"
EndProject
Project("{FAE04EC0-301F-11D3-BF4B-00C04F79EFBC}") = "Laboratorio55", "Laboratorio55\Laboratorio55.csproj", "{B63CD26D-938A-4DAC-9566-52F68519C331}"
EndProject
Project("{FAE04EC0-301F-11D3-BF4B-00C04F79EFBC}") = "Laboratorio56", "Laboratorio56\Laboratorio56.csproj", "{25F0C049-B559-46A1-97B4-91235A29275C}"
EndProject
Global
	GlobalSection(SolutionConfigurationPlatforms) = preSolution
		Debug|Any CPU = Debug|Any CPU
		Release|Any CPU = Release|Any CPU
	EndGlobalSection
	GlobalSection(ProjectConfigurationPlatforms) = postSolution
		{4C4168B1-2027-454E-88A7-84969A2FFCF0}.Debug|Any CPU.ActiveCfg = Debug|Any CPU
		{4C4168B1-2027-454E-88A7-84969A2FFCF0}.Debug|Any CPU.Build.0 = Debug|Any CPU
		{4C4168B1-2027-454E-88A7-84969A2FFCF0}.Release|Any CPU.ActiveCfg = Release|Any CPU
		{4C4168B1-2027-454E-88A7-84969A2FFCF0}.Release|Any CPU.Build.0 = Release|Any CPU
		{9331F866-82C0-4325-8248-CB6ECAE633E4}.Debug|Any CPU.ActiveCfg = Debug|Any CPU
		{9331F866-82C0-4325-8248-CB6ECAE633E4}.Debug|Any CPU.Build.0 = Debug|Any CPU
		{9331F866-82C0-4325-8248-CB6ECAE633E4}.Release|Any CPU.ActiveCfg = Release|Any CPU
		{9331F866-82C0-4325-8248-CB6ECAE633E4}.Release|Any CPU.Build.0 = Release|Any CPU
		{3E8CE124-0111-4EBC-9B99-AA8A65756D71}.Debug|Any CPU.ActiveCfg = Debug|Any CPU
		{3E8CE124-0111-4EBC-9B99-AA8A65756D71}.Debug|Any CPU.Build.0 = Debug|Any CPU
		{3E8CE124-0111-4EBC-9B99-AA8A65756D71}.Release|Any CPU.ActiveCfg = Release|Any CPU
		{3E8CE124-0111-4EBC-9B99-AA8A65756D71}.Release|Any CPU.Build.0 = Release|Any CPU
		{3FE78578-282B-48A3-9884-5DF6BEC93C34}.Debug|Any CPU.ActiveCfg = Debug|Any CPU
		{3FE78578-282B-48A3-9884-5DF6BEC93C34}.Debug|Any CPU.Build.0 = Debug|Any CPU
		{3FE78578-282B-48A3-9884-5DF6BEC93C34}.Release|Any CPU.ActiveCfg = Release|Any CPU
		{3FE78578-282B-48A3-9884-5DF6BEC93C34}.Release|Any CPU.Build.0 = Release|Any CPU
		{F56191A9-FA84-4BCF-9A5F-99AFC07D42C1}.Debug|Any CPU.ActiveCfg = Debug|Any CPU
		{F56191A9-FA84-4BCF-9A5F-99AFC07D42C1}.Debug|Any CPU.Build.0 = Debug|Any CPU
		{F56191A9-FA84-4BCF-9A5F-99AFC07D42C1}.Release|Any CPU.ActiveCfg = Release|Any CPU
		{F56191A9-FA84-4BCF-9A5F-99AFC07D42C1}.Release|Any CPU.Build.0 = Release|Any CPU
		{B63CD26D-938A-4DAC-9566-52F68519C331}.Debug|Any CPU.ActiveCfg = Debug|Any CPU
		{B63CD26D-938A-4DAC-9566-52F68519C331}.Debug|Any CPU.Build.0 = Debug|Any CPU
		{B63CD26D-938A-4DAC-9566-52F68519C331}.Release|Any CPU.ActiveCfg = Release|Any CPU
		{B63CD26D-938A-4DAC-9566-52F68519C331}.Release|Any CPU.Build.0 = Release|Any CPU
		{25F0C049-B559-46A1-97B4-91235A29275C}.Debug|Any CPU.ActiveCfg = Debug|Any CPU
		{25F0C049-B559-46A1-97B4-91235A29275C}.Debug|Any CPU.Build.0 = Debug|Any CPU
		{25F0C049-B559-46A1-97B4-91235A29275C}.Release|Any CPU.ActiveCfg = Release|Any CPU
		{25F0C049-B559-46A1-97B4-91235A29275C}.Release|Any CPU.Build.0 = Release|Any CPU
	EndGlobalSection
	GlobalSection(SolutionProperties) = preSolution
		HideSolutionNode = FALSE
	EndGlobalSection
	GlobalSection(ExtensibilityGlobals) = postSolution
		SolutionGuid = {F456A9FA-A436-486C-80CB-DE9A7D90C453}
	EndGlobalSection
EndGlobal
