
Microsoft Visual Studio Solution File, Format Version 12.00
# Visual Studio Version 17
VisualStudioVersion = 17.14.36717.8
MinimumVisualStudioVersion = 10.0.40219.1
Project("{FAE04EC0-301F-11D3-BF4B-00C04F79EFBC}") = "PlanillaApi", "PlanillaApi\PlanillaApi.csproj", "{4D3C7C86-9846-4D2E-BD5A-CC6A53973A8B}"
EndProject
Project("{FAE04EC0-301F-11D3-BF4B-00C04F79EFBC}") = "PlanillaWeb", "PlanillaWeb\PlanillaWeb.csproj", "{7F1AD785-74DF-4E77-8BB7-83D40646550E}"
EndProject
Global
	GlobalSection(SolutionConfigurationPlatforms) = preSolution
		Debug|Any CPU = Debug|Any CPU
		Release|Any CPU = Release|Any CPU
	EndGlobalSection
	GlobalSection(ProjectConfigurationPlatforms) = postSolution
		{4D3C7C86-9846-4D2E-BD5A-CC6A53973A8B}.Debug|Any CPU.ActiveCfg = Debug|Any CPU
		{4D3C7C86-9846-4D2E-BD5A-CC6A53973A8B}.Debug|Any CPU.Build.0 = Debug|Any CPU
		{4D3C7C86-9846-4D2E-BD5A-CC6A53973A8B}.Release|Any CPU.ActiveCfg = Release|Any CPU
		{4D3C7C86-9846-4D2E-BD5A-CC6A53973A8B}.Release|Any CPU.Build.0 = Release|Any CPU
		{7F1AD785-74DF-4E77-8BB7-83D40646550E}.Debug|Any CPU.ActiveCfg = Debug|Any CPU
		{7F1AD785-74DF-4E77-8BB7-83D40646550E}.Debug|Any CPU.Build.0 = Debug|Any CPU
		{7F1AD785-74DF-4E77-8BB7-83D40646550E}.Release|Any CPU.ActiveCfg = Release|Any CPU
		{7F1AD785-74DF-4E77-8BB7-83D40646550E}.Release|Any CPU.Build.0 = Release|Any CPU
	EndGlobalSection
	GlobalSection(SolutionProperties) = preSolution
		HideSolutionNode = FALSE
	EndGlobalSection
	GlobalSection(ExtensibilityGlobals) = postSolution
		SolutionGuid = {D5789409-FFBA-4898-B0B4-5B4649F34F5D}
	EndGlobalSection
EndGlobal
