
Microsoft Visual Studio Solution File, Format Version 12.00
# Visual Studio Version 17
VisualStudioVersion = 17.14.36623.8 d17.14
MinimumVisualStudioVersion = 10.0.40219.1
Project("{FAE04EC0-301F-11D3-BF4B-00C04F79EFBC}") = "Laboratorio16", "Laboratorio16\Laboratorio16.csproj", "{78E097DD-97BB-431E-9712-D9256E9CAE31}"
EndProject
Global
	GlobalSection(SolutionConfigurationPlatforms) = preSolution
		Debug|Any CPU = Debug|Any CPU
		Release|Any CPU = Release|Any CPU
	EndGlobalSection
	GlobalSection(ProjectConfigurationPlatforms) = postSolution
		{78E097DD-97BB-431E-9712-D9256E9CAE31}.Debug|Any CPU.ActiveCfg = Debug|Any CPU
		{78E097DD-97BB-431E-9712-D9256E9CAE31}.Debug|Any CPU.Build.0 = Debug|Any CPU
		{78E097DD-97BB-431E-9712-D9256E9CAE31}.Release|Any CPU.ActiveCfg = Release|Any CPU
		{78E097DD-97BB-431E-9712-D9256E9CAE31}.Release|Any CPU.Build.0 = Release|Any CPU
	EndGlobalSection
	GlobalSection(SolutionProperties) = preSolution
		HideSolutionNode = FALSE
	EndGlobalSection
	GlobalSection(ExtensibilityGlobals) = postSolution
		SolutionGuid = {A297DEE9-F3A6-46AC-A928-BA4748727AEB}
	EndGlobalSection
EndGlobal
