
Microsoft Visual Studio Solution File, Format Version 12.00
# Visual Studio Version 17
VisualStudioVersion = 17.14.36414.22 d17.14
MinimumVisualStudioVersion = 10.0.40219.1
Project("{FAE04EC0-301F-11D3-BF4B-00C04F79EFBC}") = "Laboratorio11", "Laboratorio11\Laboratorio11.csproj", "{E76A56BB-D77A-4B5E-BBE1-21ED43EF2532}"
EndProject
Global
	GlobalSection(SolutionConfigurationPlatforms) = preSolution
		Debug|Any CPU = Debug|Any CPU
		Release|Any CPU = Release|Any CPU
	EndGlobalSection
	GlobalSection(ProjectConfigurationPlatforms) = postSolution
		{E76A56BB-D77A-4B5E-BBE1-21ED43EF2532}.Debug|Any CPU.ActiveCfg = Debug|Any CPU
		{E76A56BB-D77A-4B5E-BBE1-21ED43EF2532}.Debug|Any CPU.Build.0 = Debug|Any CPU
		{E76A56BB-D77A-4B5E-BBE1-21ED43EF2532}.Release|Any CPU.ActiveCfg = Release|Any CPU
		{E76A56BB-D77A-4B5E-BBE1-21ED43EF2532}.Release|Any CPU.Build.0 = Release|Any CPU
	EndGlobalSection
	GlobalSection(SolutionProperties) = preSolution
		HideSolutionNode = FALSE
	EndGlobalSection
	GlobalSection(ExtensibilityGlobals) = postSolution
		SolutionGuid = {A48A1E62-BE0D-480F-9855-898DF3560371}
	EndGlobalSection
EndGlobal
