
Microsoft Visual Studio Solution File, Format Version 12.00
# Visual Studio Version 17
VisualStudioVersion = 17.14.36414.22 d17.14
MinimumVisualStudioVersion = 10.0.40219.1
Project("{FAE04EC0-301F-11D3-BF4B-00C04F79EFBC}") = "Laboratorio13", "Laboratorio13\Laboratorio13.csproj", "{6975B868-2203-476C-9255-B772CF543356}"
EndProject
Global
	GlobalSection(SolutionConfigurationPlatforms) = preSolution
		Debug|Any CPU = Debug|Any CPU
		Release|Any CPU = Release|Any CPU
	EndGlobalSection
	GlobalSection(ProjectConfigurationPlatforms) = postSolution
		{6975B868-2203-476C-9255-B772CF543356}.Debug|Any CPU.ActiveCfg = Debug|Any CPU
		{6975B868-2203-476C-9255-B772CF543356}.Debug|Any CPU.Build.0 = Debug|Any CPU
		{6975B868-2203-476C-9255-B772CF543356}.Release|Any CPU.ActiveCfg = Release|Any CPU
		{6975B868-2203-476C-9255-B772CF543356}.Release|Any CPU.Build.0 = Release|Any CPU
	EndGlobalSection
	GlobalSection(SolutionProperties) = preSolution
		HideSolutionNode = FALSE
	EndGlobalSection
	GlobalSection(ExtensibilityGlobals) = postSolution
		SolutionGuid = {10654B3F-1CFC-4962-8F4F-015C553C5B13}
	EndGlobalSection
EndGlobal
